
Microsoft Visual Studio Solution File, Format Version 12.00
# Visual Studio Version 16
VisualStudioVersion = 25.0.1705.6
MinimumVisualStudioVersion = 10.0.40219.1
Project("{FAE04EC0-301F-11D3-BF4B-00C04F79EFBC}") = "SharpSignalR.API", "SharpSignalR.API\SharpSignalR.API.csproj", "{5B36BEEE-F9C3-48C4-B918-1350EEC2EF72}"
EndProject
Project("{FAE04EC0-301F-11D3-BF4B-00C04F79EFBC}") = "SharpSignalR.Web", "SharpSignalR.Web\SharpSignalR.Web.csproj", "{27A76EEE-6A9B-46E8-9961-D2EDA03A329F}"
EndProject
Project("{FAE04EC0-301F-11D3-BF4B-00C04F79EFBC}") = "SharpCovidChart.API", "SharpCovidChart.API\SharpCovidChart.API.csproj", "{96F6B79F-A63E-422A-B5C7-2C0B0CD1071E}"
EndProject
Global
	GlobalSection(SolutionConfigurationPlatforms) = preSolution
		Debug|Any CPU = Debug|Any CPU
		Release|Any CPU = Release|Any CPU
	EndGlobalSection
	GlobalSection(ProjectConfigurationPlatforms) = postSolution
		{5B36BEEE-F9C3-48C4-B918-1350EEC2EF72}.Debug|Any CPU.ActiveCfg = Debug|Any CPU
		{5B36BEEE-F9C3-48C4-B918-1350EEC2EF72}.Debug|Any CPU.Build.0 = Debug|Any CPU
		{5B36BEEE-F9C3-48C4-B918-1350EEC2EF72}.Release|Any CPU.ActiveCfg = Release|Any CPU
		{5B36BEEE-F9C3-48C4-B918-1350EEC2EF72}.Release|Any CPU.Build.0 = Release|Any CPU
		{27A76EEE-6A9B-46E8-9961-D2EDA03A329F}.Debug|Any CPU.ActiveCfg = Debug|Any CPU
		{27A76EEE-6A9B-46E8-9961-D2EDA03A329F}.Debug|Any CPU.Build.0 = Debug|Any CPU
		{27A76EEE-6A9B-46E8-9961-D2EDA03A329F}.Release|Any CPU.ActiveCfg = Release|Any CPU
		{27A76EEE-6A9B-46E8-9961-D2EDA03A329F}.Release|Any CPU.Build.0 = Release|Any CPU
		{96F6B79F-A63E-422A-B5C7-2C0B0CD1071E}.Debug|Any CPU.ActiveCfg = Debug|Any CPU
		{96F6B79F-A63E-422A-B5C7-2C0B0CD1071E}.Debug|Any CPU.Build.0 = Debug|Any CPU
		{96F6B79F-A63E-422A-B5C7-2C0B0CD1071E}.Release|Any CPU.ActiveCfg = Release|Any CPU
		{96F6B79F-A63E-422A-B5C7-2C0B0CD1071E}.Release|Any CPU.Build.0 = Release|Any CPU
	EndGlobalSection
	GlobalSection(SolutionProperties) = preSolution
		HideSolutionNode = FALSE
	EndGlobalSection
	GlobalSection(ExtensibilityGlobals) = postSolution
		SolutionGuid = {5170D973-105B-4C02-BB21-AAE215633BF9}
	EndGlobalSection
EndGlobal
